
Microsoft Visual Studio Solution File, Format Version 12.00
# Visual Studio Version 16
VisualStudioVersion = 16.0.31613.86
MinimumVisualStudioVersion = 10.0.40219.1
Project("{FAE04EC0-301F-11D3-BF4B-00C04F79EFBC}") = "ChungKhoan", "ChungKhoan\ChungKhoan.csproj", "{894F501E-1D25-431C-89A6-58EBF3E47119}"
EndProject
Global
	GlobalSection(SolutionConfigurationPlatforms) = preSolution
		Debug|Any CPU = Debug|Any CPU
		Release|Any CPU = Release|Any CPU
	EndGlobalSection
	GlobalSection(ProjectConfigurationPlatforms) = postSolution
		{894F501E-1D25-431C-89A6-58EBF3E47119}.Debug|Any CPU.ActiveCfg = Debug|Any CPU
		{894F501E-1D25-431C-89A6-58EBF3E47119}.Debug|Any CPU.Build.0 = Debug|Any CPU
		{894F501E-1D25-431C-89A6-58EBF3E47119}.Release|Any CPU.ActiveCfg = Release|Any CPU
		{894F501E-1D25-431C-89A6-58EBF3E47119}.Release|Any CPU.Build.0 = Release|Any CPU
	EndGlobalSection
	GlobalSection(SolutionProperties) = preSolution
		HideSolutionNode = FALSE
	EndGlobalSection
	GlobalSection(ExtensibilityGlobals) = postSolution
		SolutionGuid = {2F02CBF6-8876-49A7-99E2-4CA3829ADD9B}
	EndGlobalSection
EndGlobal
